{
  "name": "com.unfoldedcircle.remotetwo",
  "version": "1.0.0",
  "lockfileVersion": 3,
  "requires": true,
  "packages": {
    "": {
      "name": "com.unfoldedcircle.remotetwo",
      "version": "1.0.0",
      "dependencies": {
        "athom-api": "^3.8.4",
        "uc-integration-api": "file:../../integration-node-library"
      },
      "devDependencies": {
        "@tsconfig/node12": "^1.0.11",
        "@types/homey": "npm:homey-apps-sdk-v3-types@^0.3.4",
        "@types/node": "^20.2.1"
      }
    },
    "../../integration-node-library": {
      "name": "uc-integration-api",
      "version": "0.0.5",
      "license": "ISC",
      "dependencies": {
        "bonjour-service": "^1.1.0",
        "ws": "^8.8.1"
      },
      "devDependencies": {
        "eslint": "^8.35.0",
        "eslint-config-semistandard": "^17.0.0",
        "eslint-config-standard": "^17.0.0",
        "eslint-plugin-import": "^2.27.5",
        "eslint-plugin-n": "^15.6.1",
        "eslint-plugin-promise": "^6.1.1"
      }
    },
    "node_modules/@tsconfig/node12": {
      "version": "1.0.11",
      "resolved": "https://registry.npmjs.org/@tsconfig/node12/-/node12-1.0.11.tgz",
      "integrity": "sha512-cqefuRsh12pWyGsIoBKJA9luFu3mRxCA+ORZvA4ktLSzIuCUtWVxGIuXigEwO5/ywWFMZ2QEGKWvkZG1zDMTag==",
      "dev": true
    },
    "node_modules/@types/homey": {
      "name": "homey-apps-sdk-v3-types",
      "version": "0.3.4",
      "resolved": "https://registry.npmjs.org/homey-apps-sdk-v3-types/-/homey-apps-sdk-v3-types-0.3.4.tgz",
      "integrity": "sha512-daGWdd/uVZWvsy33RY2ljgeTrZWREaVG0J7cYRMJMqzfUMeey8A+8QryBcySwuc84DG1lP1kSTP3fFCe/CeRZA==",
      "dev": true,
      "dependencies": {
        "@types/node": "^14.14.20"
      }
    },
    "node_modules/@types/homey/node_modules/@types/node": {
      "version": "14.18.47",
      "resolved": "https://registry.npmjs.org/@types/node/-/node-14.18.47.tgz",
      "integrity": "sha512-OuJi8bIng4wYHHA3YpKauL58dZrPxro3d0tabPHyiNF8rKfGKuVfr83oFlPLmKri1cX+Z3cJP39GXmnqkP11Gw==",
      "dev": true
    },
    "node_modules/@types/node": {
      "version": "20.2.1",
      "resolved": "https://registry.npmjs.org/@types/node/-/node-20.2.1.tgz",
      "integrity": "sha512-DqJociPbZP1lbZ5SQPk4oag6W7AyaGMO6gSfRwq3PWl4PXTwJpRQJhDq4W0kzrg3w6tJ1SwlvGZ5uKFHY13LIg==",
      "dev": true
    },
    "node_modules/athom-api": {
      "version": "3.8.4",
      "resolved": "https://registry.npmjs.org/athom-api/-/athom-api-3.8.4.tgz",
      "integrity": "sha512-j5w3xWcdJsDmd6uJ2g1CnMu3+0j5y56lTy/iTlR/Hb3uzWBQ8iuepXH+8Yn0gANC9NKqSzYRARG1VhO1A5owvA=="
    },
    "node_modules/uc-integration-api": {
      "resolved": "../../integration-node-library",
      "link": true
    }
  }
}
